// !$*UTF8*$!
{
	archiveVersion = 1;
	classes = {
	};
	objectVersion = 56;
	objects = {

/* Begin PBXBuildFile section */
		C86879312991E4AF00BC80E0 /* AppDelegate.swift in Sources */ = {isa = PBXBuildFile; fileRef = C86879302991E4AF00BC80E0 /* AppDelegate.swift */; };
		C86879352991E4AF00BC80E0 /* SearchBookViewController.swift in Sources */ = {isa = PBXBuildFile; fileRef = C86879342991E4AF00BC80E0 /* SearchBookViewController.swift */; };
		C86879382991E4AF00BC80E0 /* Main.storyboard in Resources */ = {isa = PBXBuildFile; fileRef = C86879362991E4AF00BC80E0 /* Main.storyboard */; };
		C868793A2991E4B100BC80E0 /* Assets.xcassets in Resources */ = {isa = PBXBuildFile; fileRef = C86879392991E4B100BC80E0 /* Assets.xcassets */; };
		C868793D2991E4B100BC80E0 /* LaunchScreen.storyboard in Resources */ = {isa = PBXBuildFile; fileRef = C868793B2991E4B100BC80E0 /* LaunchScreen.storyboard */; };
		C88C94912991EDE8004D6E13 /* Colors.xcassets in Resources */ = {isa = PBXBuildFile; fileRef = C88C94902991EDE8004D6E13 /* Colors.xcassets */; };
		C88C94932991EDF7004D6E13 /* Images.xcassets in Resources */ = {isa = PBXBuildFile; fileRef = C88C94922991EDF7004D6E13 /* Images.xcassets */; };
		C88C94972991EE55004D6E13 /* Assets.swift in Sources */ = {isa = PBXBuildFile; fileRef = C88C94952991EE55004D6E13 /* Assets.swift */; };
		C88C94982991EE55004D6E13 /* Fonts.swift in Sources */ = {isa = PBXBuildFile; fileRef = C88C94962991EE55004D6E13 /* Fonts.swift */; };
		C88C949A2991F10A004D6E13 /* UIColor+Styles.swift in Sources */ = {isa = PBXBuildFile; fileRef = C88C94992991F10A004D6E13 /* UIColor+Styles.swift */; };
		C88C949C2991F3F8004D6E13 /* README.md in Resources */ = {isa = PBXBuildFile; fileRef = C88C949B2991F3F7004D6E13 /* README.md */; };
		C88C94A12991F8EA004D6E13 /* PaddedTextField.swift in Sources */ = {isa = PBXBuildFile; fileRef = C88C94A02991F8EA004D6E13 /* PaddedTextField.swift */; };
		C88C94A32991F9D7004D6E13 /* UITextField+extension.swift in Sources */ = {isa = PBXBuildFile; fileRef = C88C94A22991F9D7004D6E13 /* UITextField+extension.swift */; };
		C88C94A72991FA8A004D6E13 /* Coordinator.swift in Sources */ = {isa = PBXBuildFile; fileRef = C88C94A62991FA8A004D6E13 /* Coordinator.swift */; };
		C88C94A92991FACF004D6E13 /* AppCoordinator.swift in Sources */ = {isa = PBXBuildFile; fileRef = C88C94A82991FACF004D6E13 /* AppCoordinator.swift */; };
		C88C94AB2991FBA3004D6E13 /* SearchBookCoordinator.swift in Sources */ = {isa = PBXBuildFile; fileRef = C88C94AA2991FBA3004D6E13 /* SearchBookCoordinator.swift */; };
		C88C94AD2991FBDC004D6E13 /* Protocoles.swift in Sources */ = {isa = PBXBuildFile; fileRef = C88C94AC2991FBDC004D6E13 /* Protocoles.swift */; };
		C88C94AF2991FC05004D6E13 /* Extensions.swift in Sources */ = {isa = PBXBuildFile; fileRef = C88C94AE2991FC05004D6E13 /* Extensions.swift */; };
		C88C94B129920208004D6E13 /* BookSearchInfos.swift in Sources */ = {isa = PBXBuildFile; fileRef = C88C94B029920208004D6E13 /* BookSearchInfos.swift */; };
		C88C94B329920231004D6E13 /* BookImageLinks.swift in Sources */ = {isa = PBXBuildFile; fileRef = C88C94B229920231004D6E13 /* BookImageLinks.swift */; };
		C88C94B52992024E004D6E13 /* BookInfos.swift in Sources */ = {isa = PBXBuildFile; fileRef = C88C94B42992024E004D6E13 /* BookInfos.swift */; };
		C88C94B72992026F004D6E13 /* Library.swift in Sources */ = {isa = PBXBuildFile; fileRef = C88C94B62992026F004D6E13 /* Library.swift */; };
		C88C94B92992029A004D6E13 /* Book.swift in Sources */ = {isa = PBXBuildFile; fileRef = C88C94B82992029A004D6E13 /* Book.swift */; };
		C88C94BB299203BA004D6E13 /* DataStoreImp.swift in Sources */ = {isa = PBXBuildFile; fileRef = C88C94BA299203BA004D6E13 /* DataStoreImp.swift */; };
		C88C94BD29920452004D6E13 /* DataStore.swift in Sources */ = {isa = PBXBuildFile; fileRef = C88C94BC29920452004D6E13 /* DataStore.swift */; };
		C88C94BF299206AB004D6E13 /* URLs.swift in Sources */ = {isa = PBXBuildFile; fileRef = C88C94BE299206AB004D6E13 /* URLs.swift */; };
		C88C94C329920AE1004D6E13 /* TextfieldsKeyboardManager.swift in Sources */ = {isa = PBXBuildFile; fileRef = C88C94C229920AE1004D6E13 /* TextfieldsKeyboardManager.swift */; };
		C88C94C529920BB7004D6E13 /* Theme.swift in Sources */ = {isa = PBXBuildFile; fileRef = C88C94C429920BB7004D6E13 /* Theme.swift */; };
		C88C94CC29920D5C004D6E13 /* Sprout-ExtraBold.ttf in Resources */ = {isa = PBXBuildFile; fileRef = C88C94C729920D5B004D6E13 /* Sprout-ExtraBold.ttf */; };
		C88C94CD29920D5C004D6E13 /* Sprout-Regular.ttf in Resources */ = {isa = PBXBuildFile; fileRef = C88C94C829920D5B004D6E13 /* Sprout-Regular.ttf */; };
		C88C94CE29920D5C004D6E13 /* Sprout-Medium.ttf in Resources */ = {isa = PBXBuildFile; fileRef = C88C94C929920D5B004D6E13 /* Sprout-Medium.ttf */; };
		C88C94CF29920D5C004D6E13 /* Sprout-MediumItalic.ttf in Resources */ = {isa = PBXBuildFile; fileRef = C88C94CA29920D5B004D6E13 /* Sprout-MediumItalic.ttf */; };
		C88C94D029920D5C004D6E13 /* Sprout-Bold.ttf in Resources */ = {isa = PBXBuildFile; fileRef = C88C94CB29920D5B004D6E13 /* Sprout-Bold.ttf */; };
		C88C94D729921E6B004D6E13 /* BookListService.swift in Sources */ = {isa = PBXBuildFile; fileRef = C88C94D629921E6B004D6E13 /* BookListService.swift */; };
		C88C94DC29921F76004D6E13 /* BookListViewModel.swift in Sources */ = {isa = PBXBuildFile; fileRef = C88C94DB29921F76004D6E13 /* BookListViewModel.swift */; };
		C88C94DF29921FF1004D6E13 /* BookListServiceImp.swift in Sources */ = {isa = PBXBuildFile; fileRef = C88C94DE29921FF1004D6E13 /* BookListServiceImp.swift */; };
		C88C94E22992202E004D6E13 /* BookListCoordinator.swift in Sources */ = {isa = PBXBuildFile; fileRef = C88C94E12992202E004D6E13 /* BookListCoordinator.swift */; };
		C88C94E5299220B0004D6E13 /* BookListViewController.swift in Sources */ = {isa = PBXBuildFile; fileRef = C88C94E4299220B0004D6E13 /* BookListViewController.swift */; };
		C88C94E829922114004D6E13 /* BookListViewModelImp.swift in Sources */ = {isa = PBXBuildFile; fileRef = C88C94E729922114004D6E13 /* BookListViewModelImp.swift */; };
		C88C94EB299221BB004D6E13 /* BookDetailViewModel.swift in Sources */ = {isa = PBXBuildFile; fileRef = C88C94EA299221BB004D6E13 /* BookDetailViewModel.swift */; };
		C88C94EE299221EE004D6E13 /* BookDetailViewCoordinator.swift in Sources */ = {isa = PBXBuildFile; fileRef = C88C94ED299221EE004D6E13 /* BookDetailViewCoordinator.swift */; };
		C88C94F129922243004D6E13 /* BookDetailViewController.swift in Sources */ = {isa = PBXBuildFile; fileRef = C88C94F029922243004D6E13 /* BookDetailViewController.swift */; };
		C88C94F3299222A8004D6E13 /* BookTableViewCell.swift in Sources */ = {isa = PBXBuildFile; fileRef = C88C94F2299222A8004D6E13 /* BookTableViewCell.swift */; };
		C88C94F5299222C8004D6E13 /* BookTableViewCell.xib in Resources */ = {isa = PBXBuildFile; fileRef = C88C94F4299222C8004D6E13 /* BookTableViewCell.xib */; };
		C88C94FB2992234E004D6E13 /* BOOKS.xcdatamodeld in Sources */ = {isa = PBXBuildFile; fileRef = C88C94F92992234E004D6E13 /* BOOKS.xcdatamodeld */; };
		C88C94FD29922368004D6E13 /* FavoriteBook.swift in Sources */ = {isa = PBXBuildFile; fileRef = C88C94FC29922368004D6E13 /* FavoriteBook.swift */; };
		C88C94FF2992238C004D6E13 /* FavoriteBookInfos.swift in Sources */ = {isa = PBXBuildFile; fileRef = C88C94FE2992238C004D6E13 /* FavoriteBookInfos.swift */; };
		C88C9501299223A7004D6E13 /* FavoriteBookImageLinks.swift in Sources */ = {isa = PBXBuildFile; fileRef = C88C9500299223A7004D6E13 /* FavoriteBookImageLinks.swift */; };
		C88C9503299223BA004D6E13 /* FavoriteBookSearchInfos.swift in Sources */ = {isa = PBXBuildFile; fileRef = C88C9502299223BA004D6E13 /* FavoriteBookSearchInfos.swift */; };
		C88C950629922418004D6E13 /* NSManagedObjectContext.swift in Sources */ = {isa = PBXBuildFile; fileRef = C88C950529922418004D6E13 /* NSManagedObjectContext.swift */; };
		C88C950829922445004D6E13 /* CoreDataStack.swift in Sources */ = {isa = PBXBuildFile; fileRef = C88C950729922445004D6E13 /* CoreDataStack.swift */; };
		C88C950A29922486004D6E13 /* NetworkManager.swift in Sources */ = {isa = PBXBuildFile; fileRef = C88C950929922486004D6E13 /* NetworkManager.swift */; };
		C88C950C299224A8004D6E13 /* DataManager.swift in Sources */ = {isa = PBXBuildFile; fileRef = C88C950B299224A8004D6E13 /* DataManager.swift */; };
		C88C950F29922518004D6E13 /* BookDetailViewModelImp.swift in Sources */ = {isa = PBXBuildFile; fileRef = C88C950E29922518004D6E13 /* BookDetailViewModelImp.swift */; };
		C88C951129922576004D6E13 /* UIImageView+extension.swift in Sources */ = {isa = PBXBuildFile; fileRef = C88C951029922576004D6E13 /* UIImageView+extension.swift */; };
		C88C951B2992A699004D6E13 /* Button.swift in Sources */ = {isa = PBXBuildFile; fileRef = C88C951A2992A699004D6E13 /* Button.swift */; };
		C88C951D29938246004D6E13 /* PaddedBookView.swift in Sources */ = {isa = PBXBuildFile; fileRef = C88C951C29938246004D6E13 /* PaddedBookView.swift */; };
		FB5450EE3D40F77EE36FE5C0 /* Pods_SEARCHBOOKS.framework in Frameworks */ = {isa = PBXBuildFile; fileRef = 70D9A2566A6CF17F3CAB9D33 /* Pods_SEARCHBOOKS.framework */; };
/* End PBXBuildFile section */

/* Begin PBXFileReference section */
		4AD455558A02529862AB32F2 /* Pods-SEARCHBOOKS.release.xcconfig */ = {isa = PBXFileReference; includeInIndex = 1; lastKnownFileType = text.xcconfig; name = "Pods-SEARCHBOOKS.release.xcconfig"; path = "Target Support Files/Pods-SEARCHBOOKS/Pods-SEARCHBOOKS.release.xcconfig"; sourceTree = "<group>"; };
		70D9A2566A6CF17F3CAB9D33 /* Pods_SEARCHBOOKS.framework */ = {isa = PBXFileReference; explicitFileType = wrapper.framework; includeInIndex = 0; path = Pods_SEARCHBOOKS.framework; sourceTree = BUILT_PRODUCTS_DIR; };
		8B320086FA0B9EA1BC0DD31C /* Pods-SEARCHBOOKS.debug.xcconfig */ = {isa = PBXFileReference; includeInIndex = 1; lastKnownFileType = text.xcconfig; name = "Pods-SEARCHBOOKS.debug.xcconfig"; path = "Target Support Files/Pods-SEARCHBOOKS/Pods-SEARCHBOOKS.debug.xcconfig"; sourceTree = "<group>"; };
		C868792D2991E4AF00BC80E0 /* SEARCHBOOKS.app */ = {isa = PBXFileReference; explicitFileType = wrapper.application; includeInIndex = 0; path = SEARCHBOOKS.app; sourceTree = BUILT_PRODUCTS_DIR; };
		C86879302991E4AF00BC80E0 /* AppDelegate.swift */ = {isa = PBXFileReference; lastKnownFileType = sourcecode.swift; path = AppDelegate.swift; sourceTree = "<group>"; };
		C86879342991E4AF00BC80E0 /* SearchBookViewController.swift */ = {isa = PBXFileReference; lastKnownFileType = sourcecode.swift; path = SearchBookViewController.swift; sourceTree = "<group>"; };
		C86879372991E4AF00BC80E0 /* Base */ = {isa = PBXFileReference; lastKnownFileType = file.storyboard; name = Base; path = Base.lproj/Main.storyboard; sourceTree = "<group>"; };
		C86879392991E4B100BC80E0 /* Assets.xcassets */ = {isa = PBXFileReference; lastKnownFileType = folder.assetcatalog; path = Assets.xcassets; sourceTree = "<group>"; };
		C868793C2991E4B100BC80E0 /* Base */ = {isa = PBXFileReference; lastKnownFileType = file.storyboard; name = Base; path = Base.lproj/LaunchScreen.storyboard; sourceTree = "<group>"; };
		C868793E2991E4B100BC80E0 /* Info.plist */ = {isa = PBXFileReference; lastKnownFileType = text.plist.xml; path = Info.plist; sourceTree = "<group>"; };
		C88C94902991EDE8004D6E13 /* Colors.xcassets */ = {isa = PBXFileReference; lastKnownFileType = folder.assetcatalog; path = Colors.xcassets; sourceTree = "<group>"; };
		C88C94922991EDF7004D6E13 /* Images.xcassets */ = {isa = PBXFileReference; lastKnownFileType = folder.assetcatalog; path = Images.xcassets; sourceTree = "<group>"; };
		C88C94952991EE55004D6E13 /* Assets.swift */ = {isa = PBXFileReference; fileEncoding = 4; lastKnownFileType = sourcecode.swift; path = Assets.swift; sourceTree = "<group>"; };
		C88C94962991EE55004D6E13 /* Fonts.swift */ = {isa = PBXFileReference; fileEncoding = 4; lastKnownFileType = sourcecode.swift; path = Fonts.swift; sourceTree = "<group>"; };
		C88C94992991F10A004D6E13 /* UIColor+Styles.swift */ = {isa = PBXFileReference; lastKnownFileType = sourcecode.swift; path = "UIColor+Styles.swift"; sourceTree = "<group>"; };
		C88C949B2991F3F7004D6E13 /* README.md */ = {isa = PBXFileReference; fileEncoding = 4; lastKnownFileType = net.daringfireball.markdown; path = README.md; sourceTree = "<group>"; };
		C88C94A02991F8EA004D6E13 /* PaddedTextField.swift */ = {isa = PBXFileReference; lastKnownFileType = sourcecode.swift; path = PaddedTextField.swift; sourceTree = "<group>"; };
		C88C94A22991F9D7004D6E13 /* UITextField+extension.swift */ = {isa = PBXFileReference; lastKnownFileType = sourcecode.swift; path = "UITextField+extension.swift"; sourceTree = "<group>"; };
		C88C94A62991FA8A004D6E13 /* Coordinator.swift */ = {isa = PBXFileReference; lastKnownFileType = sourcecode.swift; path = Coordinator.swift; sourceTree = "<group>"; };
		C88C94A82991FACF004D6E13 /* AppCoordinator.swift */ = {isa = PBXFileReference; lastKnownFileType = sourcecode.swift; path = AppCoordinator.swift; sourceTree = "<group>"; };
		C88C94AA2991FBA3004D6E13 /* SearchBookCoordinator.swift */ = {isa = PBXFileReference; lastKnownFileType = sourcecode.swift; path = SearchBookCoordinator.swift; sourceTree = "<group>"; };
		C88C94AC2991FBDC004D6E13 /* Protocoles.swift */ = {isa = PBXFileReference; lastKnownFileType = sourcecode.swift; path = Protocoles.swift; sourceTree = "<group>"; };
		C88C94AE2991FC05004D6E13 /* Extensions.swift */ = {isa = PBXFileReference; lastKnownFileType = sourcecode.swift; path = Extensions.swift; sourceTree = "<group>"; };
		C88C94B029920208004D6E13 /* BookSearchInfos.swift */ = {isa = PBXFileReference; lastKnownFileType = sourcecode.swift; path = BookSearchInfos.swift; sourceTree = "<group>"; };
		C88C94B229920231004D6E13 /* BookImageLinks.swift */ = {isa = PBXFileReference; lastKnownFileType = sourcecode.swift; path = BookImageLinks.swift; sourceTree = "<group>"; };
		C88C94B42992024E004D6E13 /* BookInfos.swift */ = {isa = PBXFileReference; lastKnownFileType = sourcecode.swift; path = BookInfos.swift; sourceTree = "<group>"; };
		C88C94B62992026F004D6E13 /* Library.swift */ = {isa = PBXFileReference; lastKnownFileType = sourcecode.swift; path = Library.swift; sourceTree = "<group>"; };
		C88C94B82992029A004D6E13 /* Book.swift */ = {isa = PBXFileReference; lastKnownFileType = sourcecode.swift; path = Book.swift; sourceTree = "<group>"; };
		C88C94BA299203BA004D6E13 /* DataStoreImp.swift */ = {isa = PBXFileReference; lastKnownFileType = sourcecode.swift; path = DataStoreImp.swift; sourceTree = "<group>"; };
		C88C94BC29920452004D6E13 /* DataStore.swift */ = {isa = PBXFileReference; lastKnownFileType = sourcecode.swift; path = DataStore.swift; sourceTree = "<group>"; };
		C88C94BE299206AB004D6E13 /* URLs.swift */ = {isa = PBXFileReference; lastKnownFileType = sourcecode.swift; path = URLs.swift; sourceTree = "<group>"; };
		C88C94C229920AE1004D6E13 /* TextfieldsKeyboardManager.swift */ = {isa = PBXFileReference; lastKnownFileType = sourcecode.swift; path = TextfieldsKeyboardManager.swift; sourceTree = "<group>"; };
		C88C94C429920BB7004D6E13 /* Theme.swift */ = {isa = PBXFileReference; lastKnownFileType = sourcecode.swift; path = Theme.swift; sourceTree = "<group>"; };
		C88C94C729920D5B004D6E13 /* Sprout-ExtraBold.ttf */ = {isa = PBXFileReference; lastKnownFileType = file; path = "Sprout-ExtraBold.ttf"; sourceTree = "<group>"; };
		C88C94C829920D5B004D6E13 /* Sprout-Regular.ttf */ = {isa = PBXFileReference; lastKnownFileType = file; path = "Sprout-Regular.ttf"; sourceTree = "<group>"; };
		C88C94C929920D5B004D6E13 /* Sprout-Medium.ttf */ = {isa = PBXFileReference; lastKnownFileType = file; path = "Sprout-Medium.ttf"; sourceTree = "<group>"; };
		C88C94CA29920D5B004D6E13 /* Sprout-MediumItalic.ttf */ = {isa = PBXFileReference; lastKnownFileType = file; path = "Sprout-MediumItalic.ttf"; sourceTree = "<group>"; };
		C88C94CB29920D5B004D6E13 /* Sprout-Bold.ttf */ = {isa = PBXFileReference; lastKnownFileType = file; path = "Sprout-Bold.ttf"; sourceTree = "<group>"; };
		C88C94D629921E6B004D6E13 /* BookListService.swift */ = {isa = PBXFileReference; lastKnownFileType = sourcecode.swift; path = BookListService.swift; sourceTree = "<group>"; };
		C88C94DB29921F76004D6E13 /* BookListViewModel.swift */ = {isa = PBXFileReference; lastKnownFileType = sourcecode.swift; path = BookListViewModel.swift; sourceTree = "<group>"; };
		C88C94DE29921FF1004D6E13 /* BookListServiceImp.swift */ = {isa = PBXFileReference; lastKnownFileType = sourcecode.swift; path = BookListServiceImp.swift; sourceTree = "<group>"; };
		C88C94E12992202E004D6E13 /* BookListCoordinator.swift */ = {isa = PBXFileReference; lastKnownFileType = sourcecode.swift; path = BookListCoordinator.swift; sourceTree = "<group>"; };
		C88C94E4299220B0004D6E13 /* BookListViewController.swift */ = {isa = PBXFileReference; lastKnownFileType = sourcecode.swift; path = BookListViewController.swift; sourceTree = "<group>"; };
		C88C94E729922114004D6E13 /* BookListViewModelImp.swift */ = {isa = PBXFileReference; lastKnownFileType = sourcecode.swift; path = BookListViewModelImp.swift; sourceTree = "<group>"; };
		C88C94EA299221BB004D6E13 /* BookDetailViewModel.swift */ = {isa = PBXFileReference; lastKnownFileType = sourcecode.swift; path = BookDetailViewModel.swift; sourceTree = "<group>"; };
		C88C94ED299221EE004D6E13 /* BookDetailViewCoordinator.swift */ = {isa = PBXFileReference; lastKnownFileType = sourcecode.swift; path = BookDetailViewCoordinator.swift; sourceTree = "<group>"; };
		C88C94F029922243004D6E13 /* BookDetailViewController.swift */ = {isa = PBXFileReference; lastKnownFileType = sourcecode.swift; path = BookDetailViewController.swift; sourceTree = "<group>"; };
		C88C94F2299222A8004D6E13 /* BookTableViewCell.swift */ = {isa = PBXFileReference; lastKnownFileType = sourcecode.swift; path = BookTableViewCell.swift; sourceTree = "<group>"; };
		C88C94F4299222C8004D6E13 /* BookTableViewCell.xib */ = {isa = PBXFileReference; fileEncoding = 4; lastKnownFileType = file.xib; path = BookTableViewCell.xib; sourceTree = "<group>"; };
		C88C94FA2992234E004D6E13 /* BOOKS.xcdatamodel */ = {isa = PBXFileReference; lastKnownFileType = wrapper.xcdatamodel; path = BOOKS.xcdatamodel; sourceTree = "<group>"; };
		C88C94FC29922368004D6E13 /* FavoriteBook.swift */ = {isa = PBXFileReference; lastKnownFileType = sourcecode.swift; path = FavoriteBook.swift; sourceTree = "<group>"; };
		C88C94FE2992238C004D6E13 /* FavoriteBookInfos.swift */ = {isa = PBXFileReference; lastKnownFileType = sourcecode.swift; path = FavoriteBookInfos.swift; sourceTree = "<group>"; };
		C88C9500299223A7004D6E13 /* FavoriteBookImageLinks.swift */ = {isa = PBXFileReference; lastKnownFileType = sourcecode.swift; path = FavoriteBookImageLinks.swift; sourceTree = "<group>"; };
		C88C9502299223BA004D6E13 /* FavoriteBookSearchInfos.swift */ = {isa = PBXFileReference; lastKnownFileType = sourcecode.swift; path = FavoriteBookSearchInfos.swift; sourceTree = "<group>"; };
		C88C950529922418004D6E13 /* NSManagedObjectContext.swift */ = {isa = PBXFileReference; lastKnownFileType = sourcecode.swift; path = NSManagedObjectContext.swift; sourceTree = "<group>"; };
		C88C950729922445004D6E13 /* CoreDataStack.swift */ = {isa = PBXFileReference; lastKnownFileType = sourcecode.swift; path = CoreDataStack.swift; sourceTree = "<group>"; };
		C88C950929922486004D6E13 /* NetworkManager.swift */ = {isa = PBXFileReference; lastKnownFileType = sourcecode.swift; path = NetworkManager.swift; sourceTree = "<group>"; };
		C88C950B299224A8004D6E13 /* DataManager.swift */ = {isa = PBXFileReference; lastKnownFileType = sourcecode.swift; path = DataManager.swift; sourceTree = "<group>"; };
		C88C950E29922518004D6E13 /* BookDetailViewModelImp.swift */ = {isa = PBXFileReference; lastKnownFileType = sourcecode.swift; path = BookDetailViewModelImp.swift; sourceTree = "<group>"; };
		C88C951029922576004D6E13 /* UIImageView+extension.swift */ = {isa = PBXFileReference; lastKnownFileType = sourcecode.swift; path = "UIImageView+extension.swift"; sourceTree = "<group>"; };
		C88C951A2992A699004D6E13 /* Button.swift */ = {isa = PBXFileReference; lastKnownFileType = sourcecode.swift; path = Button.swift; sourceTree = "<group>"; };
		C88C951C29938246004D6E13 /* PaddedBookView.swift */ = {isa = PBXFileReference; lastKnownFileType = sourcecode.swift; path = PaddedBookView.swift; sourceTree = "<group>"; };
/* End PBXFileReference section */

/* Begin PBXFrameworksBuildPhase section */
		C868792A2991E4AF00BC80E0 /* Frameworks */ = {
			isa = PBXFrameworksBuildPhase;
			buildActionMask = 2147483647;
			files = (
				FB5450EE3D40F77EE36FE5C0 /* Pods_SEARCHBOOKS.framework in Frameworks */,
			);
			runOnlyForDeploymentPostprocessing = 0;
		};
/* End PBXFrameworksBuildPhase section */

/* Begin PBXGroup section */
		9CCED0769A126DF97A158E78 /* Pods */ = {
			isa = PBXGroup;
			children = (
				8B320086FA0B9EA1BC0DD31C /* Pods-SEARCHBOOKS.debug.xcconfig */,
				4AD455558A02529862AB32F2 /* Pods-SEARCHBOOKS.release.xcconfig */,
			);
			path = Pods;
			sourceTree = "<group>";
		};
		BAF74D84952585808124D7A1 /* Frameworks */ = {
			isa = PBXGroup;
			children = (
				70D9A2566A6CF17F3CAB9D33 /* Pods_SEARCHBOOKS.framework */,
			);
			name = Frameworks;
			sourceTree = "<group>";
		};
		C86879242991E4AF00BC80E0 = {
			isa = PBXGroup;
			children = (
				C88C949B2991F3F7004D6E13 /* README.md */,
				C88C94942991EE55004D6E13 /* Generated */,
				C868792F2991E4AF00BC80E0 /* Source */,
				C868792E2991E4AF00BC80E0 /* Products */,
				9CCED0769A126DF97A158E78 /* Pods */,
				BAF74D84952585808124D7A1 /* Frameworks */,
			);
			sourceTree = "<group>";
		};
		C868792E2991E4AF00BC80E0 /* Products */ = {
			isa = PBXGroup;
			children = (
				C868792D2991E4AF00BC80E0 /* SEARCHBOOKS.app */,
			);
			name = Products;
			sourceTree = "<group>";
		};
		C868792F2991E4AF00BC80E0 /* Source */ = {
			isa = PBXGroup;
			children = (
				C88C94F6299222FB004D6E13 /* Models and Data Layers */,
				C88C94842991EA3D004D6E13 /* BaseCoordinator */,
				C88C94832991EA2E004D6E13 /* Protocol */,
				C88C947F2991E9F6004D6E13 /* DataStore */,
				C88C947E2991E940004D6E13 /* Resources */,
				C88C947D2991E92D004D6E13 /* UI */,
				C88C947C2991E924004D6E13 /* Managers */,
				C88C947B2991E919004D6E13 /* Networking */,
				C86879362991E4AF00BC80E0 /* Main.storyboard */,
				C868793B2991E4B100BC80E0 /* LaunchScreen.storyboard */,
			);
			path = Source;
			sourceTree = "<group>";
		};
		C88C947B2991E919004D6E13 /* Networking */ = {
			isa = PBXGroup;
			children = (
				C88C950929922486004D6E13 /* NetworkManager.swift */,
			);
			path = Networking;
			sourceTree = "<group>";
		};
		C88C947C2991E924004D6E13 /* Managers */ = {
			isa = PBXGroup;
			children = (
				C88C94C429920BB7004D6E13 /* Theme.swift */,
				C88C950B299224A8004D6E13 /* DataManager.swift */,
			);
			path = Managers;
			sourceTree = "<group>";
		};
		C88C947D2991E92D004D6E13 /* UI */ = {
			isa = PBXGroup;
			children = (
				C88C949D2991F833004D6E13 /* SearchBook */,
				C88C94882991EA9B004D6E13 /* BookDetail */,
				C88C94872991EA92004D6E13 /* BookList */,
				C88C94852991EA77004D6E13 /* Globals */,
				C88C94862991EA87004D6E13 /* SharedUIElements */,
			);
			path = UI;
			sourceTree = "<group>";
		};
		C88C947E2991E940004D6E13 /* Resources */ = {
			isa = PBXGroup;
			children = (
				C868793E2991E4B100BC80E0 /* Info.plist */,
				C86879302991E4AF00BC80E0 /* AppDelegate.swift */,
				C88C94BE299206AB004D6E13 /* URLs.swift */,
				C86879392991E4B100BC80E0 /* Assets.xcassets */,
				C88C94902991EDE8004D6E13 /* Colors.xcassets */,
				C88C94922991EDF7004D6E13 /* Images.xcassets */,
				C88C94C629920D5B004D6E13 /* Fonts */,
			);
			path = Resources;
			sourceTree = "<group>";
		};
		C88C947F2991E9F6004D6E13 /* DataStore */ = {
			isa = PBXGroup;
			children = (
				C88C94822991EA1B004D6E13 /* Contract */,
				C88C94812991EA0D004D6E13 /* Model */,
				C88C94802991EA05004D6E13 /* Manager */,
			);
			path = DataStore;
			sourceTree = "<group>";
		};
		C88C94802991EA05004D6E13 /* Manager */ = {
			isa = PBXGroup;
			children = (
				C88C94BA299203BA004D6E13 /* DataStoreImp.swift */,
			);
			path = Manager;
			sourceTree = "<group>";
		};
		C88C94812991EA0D004D6E13 /* Model */ = {
			isa = PBXGroup;
			children = (
				C88C94B029920208004D6E13 /* BookSearchInfos.swift */,
				C88C94B229920231004D6E13 /* BookImageLinks.swift */,
				C88C94B42992024E004D6E13 /* BookInfos.swift */,
				C88C94B62992026F004D6E13 /* Library.swift */,
				C88C94B82992029A004D6E13 /* Book.swift */,
			);
			path = Model;
			sourceTree = "<group>";
		};
		C88C94822991EA1B004D6E13 /* Contract */ = {
			isa = PBXGroup;
			children = (
				C88C94BC29920452004D6E13 /* DataStore.swift */,
			);
			path = Contract;
			sourceTree = "<group>";
		};
		C88C94832991EA2E004D6E13 /* Protocol */ = {
			isa = PBXGroup;
			children = (
				C88C94AC2991FBDC004D6E13 /* Protocoles.swift */,
			);
			path = Protocol;
			sourceTree = "<group>";
		};
		C88C94842991EA3D004D6E13 /* BaseCoordinator */ = {
			isa = PBXGroup;
			children = (
				C88C94A52991FA6A004D6E13 /* Contract */,
				C88C94A42991FA5D004D6E13 /* AppCoordinator */,
			);
			path = BaseCoordinator;
			sourceTree = "<group>";
		};
		C88C94852991EA77004D6E13 /* Globals */ = {
			isa = PBXGroup;
			children = (
				C88C94992991F10A004D6E13 /* UIColor+Styles.swift */,
				C88C94A22991F9D7004D6E13 /* UITextField+extension.swift */,
				C88C94AE2991FC05004D6E13 /* Extensions.swift */,
				C88C94C229920AE1004D6E13 /* TextfieldsKeyboardManager.swift */,
				C88C951029922576004D6E13 /* UIImageView+extension.swift */,
			);
			path = Globals;
			sourceTree = "<group>";
		};
		C88C94862991EA87004D6E13 /* SharedUIElements */ = {
			isa = PBXGroup;
			children = (
				C88C94A02991F8EA004D6E13 /* PaddedTextField.swift */,
				C88C951A2992A699004D6E13 /* Button.swift */,
				C88C951C29938246004D6E13 /* PaddedBookView.swift */,
			);
			path = SharedUIElements;
			sourceTree = "<group>";
		};
		C88C94872991EA92004D6E13 /* BookList */ = {
			isa = PBXGroup;
			children = (
				C88C94E6299220ED004D6E13 /* ViewModel */,
				C88C94E329922098004D6E13 /* View */,
				C88C94E029922014004D6E13 /* Coordinator */,
				C88C94DD29921FA1004D6E13 /* Service */,
				C88C94D329921E1B004D6E13 /* Contracts */,
			);
			path = BookList;
			sourceTree = "<group>";
		};
		C88C94882991EA9B004D6E13 /* BookDetail */ = {
			isa = PBXGroup;
			children = (
				C88C950D299224FD004D6E13 /* ViewModel */,
				C88C94EF2992222A004D6E13 /* View */,
				C88C94EC299221D7004D6E13 /* Coordinator */,
				C88C94E92992219E004D6E13 /* Contracts */,
			);
			path = BookDetail;
			sourceTree = "<group>";
		};
		C88C94942991EE55004D6E13 /* Generated */ = {
			isa = PBXGroup;
			children = (
				C88C94952991EE55004D6E13 /* Assets.swift */,
				C88C94962991EE55004D6E13 /* Fonts.swift */,
			);
			name = Generated;
			path = Resources/Generated;
			sourceTree = "<group>";
		};
		C88C949D2991F833004D6E13 /* SearchBook */ = {
			isa = PBXGroup;
			children = (
				C88C949F2991F858004D6E13 /* View */,
				C88C949E2991F84D004D6E13 /* Coordinator */,
			);
			path = SearchBook;
			sourceTree = "<group>";
		};
		C88C949E2991F84D004D6E13 /* Coordinator */ = {
			isa = PBXGroup;
			children = (
				C88C94AA2991FBA3004D6E13 /* SearchBookCoordinator.swift */,
			);
			path = Coordinator;
			sourceTree = "<group>";
		};
		C88C949F2991F858004D6E13 /* View */ = {
			isa = PBXGroup;
			children = (
				C86879342991E4AF00BC80E0 /* SearchBookViewController.swift */,
			);
			path = View;
			sourceTree = "<group>";
		};
		C88C94A42991FA5D004D6E13 /* AppCoordinator */ = {
			isa = PBXGroup;
			children = (
				C88C94A82991FACF004D6E13 /* AppCoordinator.swift */,
			);
			path = AppCoordinator;
			sourceTree = "<group>";
		};
		C88C94A52991FA6A004D6E13 /* Contract */ = {
			isa = PBXGroup;
			children = (
				C88C94A62991FA8A004D6E13 /* Coordinator.swift */,
			);
			path = Contract;
			sourceTree = "<group>";
		};
		C88C94C629920D5B004D6E13 /* Fonts */ = {
			isa = PBXGroup;
			children = (
				C88C94C729920D5B004D6E13 /* Sprout-ExtraBold.ttf */,
				C88C94C829920D5B004D6E13 /* Sprout-Regular.ttf */,
				C88C94C929920D5B004D6E13 /* Sprout-Medium.ttf */,
				C88C94CA29920D5B004D6E13 /* Sprout-MediumItalic.ttf */,
				C88C94CB29920D5B004D6E13 /* Sprout-Bold.ttf */,
			);
			path = Fonts;
			sourceTree = "<group>";
		};
		C88C94D329921E1B004D6E13 /* Contracts */ = {
			isa = PBXGroup;
			children = (
				C88C94D529921E2D004D6E13 /* ViewModel */,
				C88C94D429921E27004D6E13 /* Service */,
			);
			path = Contracts;
			sourceTree = "<group>";
		};
		C88C94D429921E27004D6E13 /* Service */ = {
			isa = PBXGroup;
			children = (
				C88C94D629921E6B004D6E13 /* BookListService.swift */,
			);
			path = Service;
			sourceTree = "<group>";
		};
		C88C94D529921E2D004D6E13 /* ViewModel */ = {
			isa = PBXGroup;
			children = (
				C88C94DB29921F76004D6E13 /* BookListViewModel.swift */,
			);
			path = ViewModel;
			sourceTree = "<group>";
		};
		C88C94DD29921FA1004D6E13 /* Service */ = {
			isa = PBXGroup;
			children = (
				C88C94DE29921FF1004D6E13 /* BookListServiceImp.swift */,
			);
			path = Service;
			sourceTree = "<group>";
		};
		C88C94E029922014004D6E13 /* Coordinator */ = {
			isa = PBXGroup;
			children = (
				C88C94E12992202E004D6E13 /* BookListCoordinator.swift */,
			);
			path = Coordinator;
			sourceTree = "<group>";
		};
		C88C94E329922098004D6E13 /* View */ = {
			isa = PBXGroup;
			children = (
				C88C94F4299222C8004D6E13 /* BookTableViewCell.xib */,
				C88C94F2299222A8004D6E13 /* BookTableViewCell.swift */,
				C88C94E4299220B0004D6E13 /* BookListViewController.swift */,
			);
			path = View;
			sourceTree = "<group>";
		};
		C88C94E6299220ED004D6E13 /* ViewModel */ = {
			isa = PBXGroup;
			children = (
				C88C94E729922114004D6E13 /* BookListViewModelImp.swift */,
			);
			path = ViewModel;
			sourceTree = "<group>";
		};
		C88C94E92992219E004D6E13 /* Contracts */ = {
			isa = PBXGroup;
			children = (
				C88C94EA299221BB004D6E13 /* BookDetailViewModel.swift */,
			);
			path = Contracts;
			sourceTree = "<group>";
		};
		C88C94EC299221D7004D6E13 /* Coordinator */ = {
			isa = PBXGroup;
			children = (
				C88C94ED299221EE004D6E13 /* BookDetailViewCoordinator.swift */,
			);
			path = Coordinator;
			sourceTree = "<group>";
		};
		C88C94EF2992222A004D6E13 /* View */ = {
			isa = PBXGroup;
			children = (
				C88C94F029922243004D6E13 /* BookDetailViewController.swift */,
			);
			path = View;
			sourceTree = "<group>";
		};
		C88C94F6299222FB004D6E13 /* Models and Data Layers */ = {
			isa = PBXGroup;
			children = (
				C88C94F729922308004D6E13 /* CoreData */,
			);
			path = "Models and Data Layers";
			sourceTree = "<group>";
		};
		C88C94F729922308004D6E13 /* CoreData */ = {
			isa = PBXGroup;
			children = (
				C88C950429922402004D6E13 /* Helper */,
				C88C94F829922311004D6E13 /* Models */,
				C88C950729922445004D6E13 /* CoreDataStack.swift */,
			);
			path = CoreData;
			sourceTree = "<group>";
		};
		C88C94F829922311004D6E13 /* Models */ = {
			isa = PBXGroup;
			children = (
				C88C94F92992234E004D6E13 /* BOOKS.xcdatamodeld */,
				C88C94FC29922368004D6E13 /* FavoriteBook.swift */,
				C88C94FE2992238C004D6E13 /* FavoriteBookInfos.swift */,
				C88C9500299223A7004D6E13 /* FavoriteBookImageLinks.swift */,
				C88C9502299223BA004D6E13 /* FavoriteBookSearchInfos.swift */,
			);
			path = Models;
			sourceTree = "<group>";
		};
		C88C950429922402004D6E13 /* Helper */ = {
			isa = PBXGroup;
			children = (
				C88C950529922418004D6E13 /* NSManagedObjectContext.swift */,
			);
			path = Helper;
			sourceTree = "<group>";
		};
		C88C950D299224FD004D6E13 /* ViewModel */ = {
			isa = PBXGroup;
			children = (
				C88C950E29922518004D6E13 /* BookDetailViewModelImp.swift */,
			);
			path = ViewModel;
			sourceTree = "<group>";
		};
/* End PBXGroup section */

/* Begin PBXNativeTarget section */
		C868792C2991E4AF00BC80E0 /* SEARCHBOOKS */ = {
			isa = PBXNativeTarget;
			buildConfigurationList = C86879412991E4B100BC80E0 /* Build configuration list for PBXNativeTarget "SEARCHBOOKS" */;
			buildPhases = (
				6517B8C0C2A09C1968412C1F /* [CP] Check Pods Manifest.lock */,
				C88C948F2991EC6A004D6E13 /* SwiftGen */,
				C86879292991E4AF00BC80E0 /* Sources */,
				C868792A2991E4AF00BC80E0 /* Frameworks */,
				C868792B2991E4AF00BC80E0 /* Resources */,
				32F0D4E5E21000456EEBDEC4 /* [CP] Embed Pods Frameworks */,
			);
			buildRules = (
			);
			dependencies = (
			);
			name = SEARCHBOOKS;
			productName = SEARCHBOOKS;
			productReference = C868792D2991E4AF00BC80E0 /* SEARCHBOOKS.app */;
			productType = "com.apple.product-type.application";
		};
/* End PBXNativeTarget section */

/* Begin PBXProject section */
		C86879252991E4AF00BC80E0 /* Project object */ = {
			isa = PBXProject;
			attributes = {
				BuildIndependentTargetsInParallel = 1;
				LastSwiftUpdateCheck = 1420;
				LastUpgradeCheck = 1420;
				ORGANIZATIONNAME = "Ousmane DIAGNE";
				TargetAttributes = {
					C868792C2991E4AF00BC80E0 = {
						CreatedOnToolsVersion = 14.2;
					};
				};
			};
			buildConfigurationList = C86879282991E4AF00BC80E0 /* Build configuration list for PBXProject "SEARCHBOOKS" */;
			compatibilityVersion = "Xcode 14.0";
			developmentRegion = en;
			hasScannedForEncodings = 0;
			knownRegions = (
				en,
				Base,
			);
			mainGroup = C86879242991E4AF00BC80E0;
			productRefGroup = C868792E2991E4AF00BC80E0 /* Products */;
			projectDirPath = "";
			projectRoot = "";
			targets = (
				C868792C2991E4AF00BC80E0 /* SEARCHBOOKS */,
			);
		};
/* End PBXProject section */

/* Begin PBXResourcesBuildPhase section */
		C868792B2991E4AF00BC80E0 /* Resources */ = {
			isa = PBXResourcesBuildPhase;
			buildActionMask = 2147483647;
			files = (
				C88C94CF29920D5C004D6E13 /* Sprout-MediumItalic.ttf in Resources */,
				C88C94CE29920D5C004D6E13 /* Sprout-Medium.ttf in Resources */,
				C88C949C2991F3F8004D6E13 /* README.md in Resources */,
				C88C94CC29920D5C004D6E13 /* Sprout-ExtraBold.ttf in Resources */,
				C88C94CD29920D5C004D6E13 /* Sprout-Regular.ttf in Resources */,
				C868793D2991E4B100BC80E0 /* LaunchScreen.storyboard in Resources */,
				C88C94932991EDF7004D6E13 /* Images.xcassets in Resources */,
				C88C94912991EDE8004D6E13 /* Colors.xcassets in Resources */,
				C88C94F5299222C8004D6E13 /* BookTableViewCell.xib in Resources */,
				C868793A2991E4B100BC80E0 /* Assets.xcassets in Resources */,
				C86879382991E4AF00BC80E0 /* Main.storyboard in Resources */,
				C88C94D029920D5C004D6E13 /* Sprout-Bold.ttf in Resources */,
			);
			runOnlyForDeploymentPostprocessing = 0;
		};
/* End PBXResourcesBuildPhase section */

/* Begin PBXShellScriptBuildPhase section */
		32F0D4E5E21000456EEBDEC4 /* [CP] Embed Pods Frameworks */ = {
			isa = PBXShellScriptBuildPhase;
			buildActionMask = 2147483647;
			files = (
			);
			inputFileListPaths = (
				"${PODS_ROOT}/Target Support Files/Pods-SEARCHBOOKS/Pods-SEARCHBOOKS-frameworks-${CONFIGURATION}-input-files.xcfilelist",
			);
			name = "[CP] Embed Pods Frameworks";
			outputFileListPaths = (
				"${PODS_ROOT}/Target Support Files/Pods-SEARCHBOOKS/Pods-SEARCHBOOKS-frameworks-${CONFIGURATION}-output-files.xcfilelist",
			);
			runOnlyForDeploymentPostprocessing = 0;
			shellPath = /bin/sh;
			shellScript = "\"${PODS_ROOT}/Target Support Files/Pods-SEARCHBOOKS/Pods-SEARCHBOOKS-frameworks.sh\"\n";
			showEnvVarsInLog = 0;
		};
		6517B8C0C2A09C1968412C1F /* [CP] Check Pods Manifest.lock */ = {
			isa = PBXShellScriptBuildPhase;
			buildActionMask = 2147483647;
			files = (
			);
			inputFileListPaths = (
			);
			inputPaths = (
				"${PODS_PODFILE_DIR_PATH}/Podfile.lock",
				"${PODS_ROOT}/Manifest.lock",
			);
			name = "[CP] Check Pods Manifest.lock";
			outputFileListPaths = (
			);
			outputPaths = (
				"$(DERIVED_FILE_DIR)/Pods-SEARCHBOOKS-checkManifestLockResult.txt",
			);
			runOnlyForDeploymentPostprocessing = 0;
			shellPath = /bin/sh;
			shellScript = "diff \"${PODS_PODFILE_DIR_PATH}/Podfile.lock\" \"${PODS_ROOT}/Manifest.lock\" > /dev/null\nif [ $? != 0 ] ; then\n    # print error to STDERR\n    echo \"error: The sandbox is not in sync with the Podfile.lock. Run 'pod install' or update your CocoaPods installation.\" >&2\n    exit 1\nfi\n# This output is used by Xcode 'outputs' to avoid re-running this script phase.\necho \"SUCCESS\" > \"${SCRIPT_OUTPUT_FILE_0}\"\n";
			showEnvVarsInLog = 0;
		};
		C88C948F2991EC6A004D6E13 /* SwiftGen */ = {
			isa = PBXShellScriptBuildPhase;
			alwaysOutOfDate = 1;
			buildActionMask = 12;
			files = (
			);
			inputFileListPaths = (
			);
			inputPaths = (
			);
			name = SwiftGen;
			outputFileListPaths = (
			);
			outputPaths = (
			);
			runOnlyForDeploymentPostprocessing = 0;
			shellPath = /bin/sh;
			shellScript = "\"${PODS_ROOT}/SwiftGen/bin/swiftgen\"\n";
		};
/* End PBXShellScriptBuildPhase section */

/* Begin PBXSourcesBuildPhase section */
		C86879292991E4AF00BC80E0 /* Sources */ = {
			isa = PBXSourcesBuildPhase;
			buildActionMask = 2147483647;
			files = (
				C88C94B72992026F004D6E13 /* Library.swift in Sources */,
				C88C94B329920231004D6E13 /* BookImageLinks.swift in Sources */,
				C88C94FD29922368004D6E13 /* FavoriteBook.swift in Sources */,
				C86879352991E4AF00BC80E0 /* SearchBookViewController.swift in Sources */,
				C88C94C529920BB7004D6E13 /* Theme.swift in Sources */,
				C88C94AB2991FBA3004D6E13 /* SearchBookCoordinator.swift in Sources */,
				C88C94DF29921FF1004D6E13 /* BookListServiceImp.swift in Sources */,
				C88C949A2991F10A004D6E13 /* UIColor+Styles.swift in Sources */,
				C88C94B52992024E004D6E13 /* BookInfos.swift in Sources */,
				C88C94A92991FACF004D6E13 /* AppCoordinator.swift in Sources */,
				C88C94982991EE55004D6E13 /* Fonts.swift in Sources */,
				C88C94DC29921F76004D6E13 /* BookListViewModel.swift in Sources */,
				C86879312991E4AF00BC80E0 /* AppDelegate.swift in Sources */,
				C88C94B129920208004D6E13 /* BookSearchInfos.swift in Sources */,
				C88C94E5299220B0004D6E13 /* BookListViewController.swift in Sources */,
				C88C950829922445004D6E13 /* CoreDataStack.swift in Sources */,
				C88C951D29938246004D6E13 /* PaddedBookView.swift in Sources */,
				C88C94C329920AE1004D6E13 /* TextfieldsKeyboardManager.swift in Sources */,
				C88C94FF2992238C004D6E13 /* FavoriteBookInfos.swift in Sources */,
				C88C950A29922486004D6E13 /* NetworkManager.swift in Sources */,
				C88C94BF299206AB004D6E13 /* URLs.swift in Sources */,
				C88C94E829922114004D6E13 /* BookListViewModelImp.swift in Sources */,
				C88C94972991EE55004D6E13 /* Assets.swift in Sources */,
				C88C94FB2992234E004D6E13 /* BOOKS.xcdatamodeld in Sources */,
				C88C94A32991F9D7004D6E13 /* UITextField+extension.swift in Sources */,
				C88C950629922418004D6E13 /* NSManagedObjectContext.swift in Sources */,
				C88C94AF2991FC05004D6E13 /* Extensions.swift in Sources */,
				C88C94D729921E6B004D6E13 /* BookListService.swift in Sources */,
				C88C94BD29920452004D6E13 /* DataStore.swift in Sources */,
				C88C94F129922243004D6E13 /* BookDetailViewController.swift in Sources */,
				C88C94B92992029A004D6E13 /* Book.swift in Sources */,
				C88C950C299224A8004D6E13 /* DataManager.swift in Sources */,
				C88C94F3299222A8004D6E13 /* BookTableViewCell.swift in Sources */,
				C88C94BB299203BA004D6E13 /* DataStoreImp.swift in Sources */,
				C88C9503299223BA004D6E13 /* FavoriteBookSearchInfos.swift in Sources */,
				C88C94E22992202E004D6E13 /* BookListCoordinator.swift in Sources */,
				C88C94EE299221EE004D6E13 /* BookDetailViewCoordinator.swift in Sources */,
				C88C94EB299221BB004D6E13 /* BookDetailViewModel.swift in Sources */,
				C88C94AD2991FBDC004D6E13 /* Protocoles.swift in Sources */,
				C88C94A12991F8EA004D6E13 /* PaddedTextField.swift in Sources */,
				C88C9501299223A7004D6E13 /* FavoriteBookImageLinks.swift in Sources */,
				C88C950F29922518004D6E13 /* BookDetailViewModelImp.swift in Sources */,
				C88C951129922576004D6E13 /* UIImageView+extension.swift in Sources */,
				C88C94A72991FA8A004D6E13 /* Coordinator.swift in Sources */,
				C88C951B2992A699004D6E13 /* Button.swift in Sources */,
			);
			runOnlyForDeploymentPostprocessing = 0;
		};
/* End PBXSourcesBuildPhase section */

/* Begin PBXVariantGroup section */
		C86879362991E4AF00BC80E0 /* Main.storyboard */ = {
			isa = PBXVariantGroup;
			children = (
				C86879372991E4AF00BC80E0 /* Base */,
			);
			name = Main.storyboard;
			sourceTree = "<group>";
		};
		C868793B2991E4B100BC80E0 /* LaunchScreen.storyboard */ = {
			isa = PBXVariantGroup;
			children = (
				C868793C2991E4B100BC80E0 /* Base */,
			);
			name = LaunchScreen.storyboard;
			sourceTree = "<group>";
		};
/* End PBXVariantGroup section */

/* Begin XCBuildConfiguration section */
		C868793F2991E4B100BC80E0 /* Debug */ = {
			isa = XCBuildConfiguration;
			buildSettings = {
				ALWAYS_SEARCH_USER_PATHS = NO;
				CLANG_ANALYZER_NONNULL = YES;
				CLANG_ANALYZER_NUMBER_OBJECT_CONVERSION = YES_AGGRESSIVE;
				CLANG_CXX_LANGUAGE_STANDARD = "gnu++20";
				CLANG_ENABLE_MODULES = YES;
				CLANG_ENABLE_OBJC_ARC = YES;
				CLANG_ENABLE_OBJC_WEAK = YES;
				CLANG_WARN_BLOCK_CAPTURE_AUTORELEASING = YES;
				CLANG_WARN_BOOL_CONVERSION = YES;
				CLANG_WARN_COMMA = YES;
				CLANG_WARN_CONSTANT_CONVERSION = YES;
				CLANG_WARN_DEPRECATED_OBJC_IMPLEMENTATIONS = YES;
				CLANG_WARN_DIRECT_OBJC_ISA_USAGE = YES_ERROR;
				CLANG_WARN_DOCUMENTATION_COMMENTS = YES;
				CLANG_WARN_EMPTY_BODY = YES;
				CLANG_WARN_ENUM_CONVERSION = YES;
				CLANG_WARN_INFINITE_RECURSION = YES;
				CLANG_WARN_INT_CONVERSION = YES;
				CLANG_WARN_NON_LITERAL_NULL_CONVERSION = YES;
				CLANG_WARN_OBJC_IMPLICIT_RETAIN_SELF = YES;
				CLANG_WARN_OBJC_LITERAL_CONVERSION = YES;
				CLANG_WARN_OBJC_ROOT_CLASS = YES_ERROR;
				CLANG_WARN_QUOTED_INCLUDE_IN_FRAMEWORK_HEADER = YES;
				CLANG_WARN_RANGE_LOOP_ANALYSIS = YES;
				CLANG_WARN_STRICT_PROTOTYPES = YES;
				CLANG_WARN_SUSPICIOUS_MOVE = YES;
				CLANG_WARN_UNGUARDED_AVAILABILITY = YES_AGGRESSIVE;
				CLANG_WARN_UNREACHABLE_CODE = YES;
				CLANG_WARN__DUPLICATE_METHOD_MATCH = YES;
				COPY_PHASE_STRIP = NO;
				DEBUG_INFORMATION_FORMAT = dwarf;
				ENABLE_STRICT_OBJC_MSGSEND = YES;
				ENABLE_TESTABILITY = YES;
				GCC_C_LANGUAGE_STANDARD = gnu11;
				GCC_DYNAMIC_NO_PIC = NO;
				GCC_NO_COMMON_BLOCKS = YES;
				GCC_OPTIMIZATION_LEVEL = 0;
				GCC_PREPROCESSOR_DEFINITIONS = (
					"DEBUG=1",
					"$(inherited)",
				);
				GCC_WARN_64_TO_32_BIT_CONVERSION = YES;
				GCC_WARN_ABOUT_RETURN_TYPE = YES_ERROR;
				GCC_WARN_UNDECLARED_SELECTOR = YES;
				GCC_WARN_UNINITIALIZED_AUTOS = YES_AGGRESSIVE;
				GCC_WARN_UNUSED_FUNCTION = YES;
				GCC_WARN_UNUSED_VARIABLE = YES;
				IPHONEOS_DEPLOYMENT_TARGET = 16.2;
				MTL_ENABLE_DEBUG_INFO = INCLUDE_SOURCE;
				MTL_FAST_MATH = YES;
				ONLY_ACTIVE_ARCH = YES;
				SDKROOT = iphoneos;
				SWIFT_ACTIVE_COMPILATION_CONDITIONS = DEBUG;
				SWIFT_OPTIMIZATION_LEVEL = "-Onone";
			};
			name = Debug;
		};
		C86879402991E4B100BC80E0 /* Release */ = {
			isa = XCBuildConfiguration;
			buildSettings = {
				ALWAYS_SEARCH_USER_PATHS = NO;
				CLANG_ANALYZER_NONNULL = YES;
				CLANG_ANALYZER_NUMBER_OBJECT_CONVERSION = YES_AGGRESSIVE;
				CLANG_CXX_LANGUAGE_STANDARD = "gnu++20";
				CLANG_ENABLE_MODULES = YES;
				CLANG_ENABLE_OBJC_ARC = YES;
				CLANG_ENABLE_OBJC_WEAK = YES;
				CLANG_WARN_BLOCK_CAPTURE_AUTORELEASING = YES;
				CLANG_WARN_BOOL_CONVERSION = YES;
				CLANG_WARN_COMMA = YES;
				CLANG_WARN_CONSTANT_CONVERSION = YES;
				CLANG_WARN_DEPRECATED_OBJC_IMPLEMENTATIONS = YES;
				CLANG_WARN_DIRECT_OBJC_ISA_USAGE = YES_ERROR;
				CLANG_WARN_DOCUMENTATION_COMMENTS = YES;
				CLANG_WARN_EMPTY_BODY = YES;
				CLANG_WARN_ENUM_CONVERSION = YES;
				CLANG_WARN_INFINITE_RECURSION = YES;
				CLANG_WARN_INT_CONVERSION = YES;
				CLANG_WARN_NON_LITERAL_NULL_CONVERSION = YES;
				CLANG_WARN_OBJC_IMPLICIT_RETAIN_SELF = YES;
				CLANG_WARN_OBJC_LITERAL_CONVERSION = YES;
				CLANG_WARN_OBJC_ROOT_CLASS = YES_ERROR;
				CLANG_WARN_QUOTED_INCLUDE_IN_FRAMEWORK_HEADER = YES;
				CLANG_WARN_RANGE_LOOP_ANALYSIS = YES;
				CLANG_WARN_STRICT_PROTOTYPES = YES;
				CLANG_WARN_SUSPICIOUS_MOVE = YES;
				CLANG_WARN_UNGUARDED_AVAILABILITY = YES_AGGRESSIVE;
				CLANG_WARN_UNREACHABLE_CODE = YES;
				CLANG_WARN__DUPLICATE_METHOD_MATCH = YES;
				COPY_PHASE_STRIP = NO;
				DEBUG_INFORMATION_FORMAT = "dwarf-with-dsym";
				ENABLE_NS_ASSERTIONS = NO;
				ENABLE_STRICT_OBJC_MSGSEND = YES;
				GCC_C_LANGUAGE_STANDARD = gnu11;
				GCC_NO_COMMON_BLOCKS = YES;
				GCC_WARN_64_TO_32_BIT_CONVERSION = YES;
				GCC_WARN_ABOUT_RETURN_TYPE = YES_ERROR;
				GCC_WARN_UNDECLARED_SELECTOR = YES;
				GCC_WARN_UNINITIALIZED_AUTOS = YES_AGGRESSIVE;
				GCC_WARN_UNUSED_FUNCTION = YES;
				GCC_WARN_UNUSED_VARIABLE = YES;
				IPHONEOS_DEPLOYMENT_TARGET = 16.2;
				MTL_ENABLE_DEBUG_INFO = NO;
				MTL_FAST_MATH = YES;
				SDKROOT = iphoneos;
				SWIFT_COMPILATION_MODE = wholemodule;
				SWIFT_OPTIMIZATION_LEVEL = "-O";
				VALIDATE_PRODUCT = YES;
			};
			name = Release;
		};
		C86879422991E4B100BC80E0 /* Debug */ = {
			isa = XCBuildConfiguration;
			baseConfigurationReference = 8B320086FA0B9EA1BC0DD31C /* Pods-SEARCHBOOKS.debug.xcconfig */;
			buildSettings = {
				ASSETCATALOG_COMPILER_APPICON_NAME = AppIcon;
				ASSETCATALOG_COMPILER_GLOBAL_ACCENT_COLOR_NAME = AccentColor;
				CODE_SIGN_STYLE = Automatic;
				CURRENT_PROJECT_VERSION = 1;
				DEVELOPMENT_TEAM = PSV7RTPF84;
				GENERATE_INFOPLIST_FILE = YES;
				INFOPLIST_FILE = Source/Resources/Info.plist;
				INFOPLIST_KEY_CFBundleDisplayName = SearchBook;
				INFOPLIST_KEY_UIApplicationSupportsIndirectInputEvents = YES;
				INFOPLIST_KEY_UILaunchStoryboardName = LaunchScreen;
				INFOPLIST_KEY_UIMainStoryboardFile = Main;
				INFOPLIST_KEY_UISupportedInterfaceOrientations = "UIInterfaceOrientationPortrait UIInterfaceOrientationPortraitUpsideDown";
				INFOPLIST_KEY_UISupportedInterfaceOrientations_iPad = "UIInterfaceOrientationLandscapeLeft UIInterfaceOrientationLandscapeRight UIInterfaceOrientationPortrait UIInterfaceOrientationPortraitUpsideDown";
				IPHONEOS_DEPLOYMENT_TARGET = 14.0;
				LD_RUNPATH_SEARCH_PATHS = (
					"$(inherited)",
					"@executable_path/Frameworks",
				);
				MARKETING_VERSION = 1.0;
				PRODUCT_BUNDLE_IDENTIFIER = "fr.mazeou-design.searchbooks.SEARCHBOOKS";
				PRODUCT_NAME = "$(TARGET_NAME)";
				SUPPORTED_PLATFORMS = "iphoneos iphonesimulator";
				SUPPORTS_MACCATALYST = NO;
				SUPPORTS_MAC_DESIGNED_FOR_IPHONE_IPAD = NO;
				SWIFT_EMIT_LOC_STRINGS = YES;
				SWIFT_VERSION = 5.0;
				TARGETED_DEVICE_FAMILY = 1;
			};
			name = Debug;
		};
		C86879432991E4B100BC80E0 /* Release */ = {
			isa = XCBuildConfiguration;
			baseConfigurationReference = 4AD455558A02529862AB32F2 /* Pods-SEARCHBOOKS.release.xcconfig */;
			buildSettings = {
				ASSETCATALOG_COMPILER_APPICON_NAME = AppIcon;
				ASSETCATALOG_COMPILER_GLOBAL_ACCENT_COLOR_NAME = AccentColor;
				CODE_SIGN_STYLE = Automatic;
				CURRENT_PROJECT_VERSION = 1;
				DEVELOPMENT_TEAM = PSV7RTPF84;
				GENERATE_INFOPLIST_FILE = YES;
				INFOPLIST_FILE = Source/Resources/Info.plist;
				INFOPLIST_KEY_CFBundleDisplayName = SearchBook;
				INFOPLIST_KEY_UIApplicationSupportsIndirectInputEvents = YES;
				INFOPLIST_KEY_UILaunchStoryboardName = LaunchScreen;
				INFOPLIST_KEY_UIMainStoryboardFile = Main;
				INFOPLIST_KEY_UISupportedInterfaceOrientations = "UIInterfaceOrientationPortrait UIInterfaceOrientationPortraitUpsideDown";
				INFOPLIST_KEY_UISupportedInterfaceOrientations_iPad = "UIInterfaceOrientationLandscapeLeft UIInterfaceOrientationLandscapeRight UIInterfaceOrientationPortrait UIInterfaceOrientationPortraitUpsideDown";
				IPHONEOS_DEPLOYMENT_TARGET = 14.0;
				LD_RUNPATH_SEARCH_PATHS = (
					"$(inherited)",
					"@executable_path/Frameworks",
				);
				MARKETING_VERSION = 1.0;
				PRODUCT_BUNDLE_IDENTIFIER = "fr.mazeou-design.searchbooks.SEARCHBOOKS";
				PRODUCT_NAME = "$(TARGET_NAME)";
				SUPPORTED_PLATFORMS = "iphoneos iphonesimulator";
				SUPPORTS_MACCATALYST = NO;
				SUPPORTS_MAC_DESIGNED_FOR_IPHONE_IPAD = NO;
				SWIFT_EMIT_LOC_STRINGS = YES;
				SWIFT_VERSION = 5.0;
				TARGETED_DEVICE_FAMILY = 1;
			};
			name = Release;
		};
/* End XCBuildConfiguration section */

/* Begin XCConfigurationList section */
		C86879282991E4AF00BC80E0 /* Build configuration list for PBXProject "SEARCHBOOKS" */ = {
			isa = XCConfigurationList;
			buildConfigurations = (
				C868793F2991E4B100BC80E0 /* Debug */,
				C86879402991E4B100BC80E0 /* Release */,
			);
			defaultConfigurationIsVisible = 0;
			defaultConfigurationName = Release;
		};
		C86879412991E4B100BC80E0 /* Build configuration list for PBXNativeTarget "SEARCHBOOKS" */ = {
			isa = XCConfigurationList;
			buildConfigurations = (
				C86879422991E4B100BC80E0 /* Debug */,
				C86879432991E4B100BC80E0 /* Release */,
			);
			defaultConfigurationIsVisible = 0;
			defaultConfigurationName = Release;
		};
/* End XCConfigurationList section */

/* Begin XCVersionGroup section */
		C88C94F92992234E004D6E13 /* BOOKS.xcdatamodeld */ = {
			isa = XCVersionGroup;
			children = (
				C88C94FA2992234E004D6E13 /* BOOKS.xcdatamodel */,
			);
			currentVersion = C88C94FA2992234E004D6E13 /* BOOKS.xcdatamodel */;
			path = BOOKS.xcdatamodeld;
			sourceTree = "<group>";
			versionGroupType = wrapper.xcdatamodel;
		};
/* End XCVersionGroup section */
	};
	rootObject = C86879252991E4AF00BC80E0 /* Project object */;
}
